
Microsoft Visual Studio Solution File, Format Version 12.00
# Visual Studio Version 17
VisualStudioVersion = 17.8.34511.84
MinimumVisualStudioVersion = 10.0.40219.1
Project("{9A19103F-16F7-4668-BE54-9A1E7A4F7556}") = "API", "API\API.csproj", "{6441DFA6-4319-4060-A997-2BEDC734A4C1}"
EndProject
Project("{9A19103F-16F7-4668-BE54-9A1E7A4F7556}") = "Entities", "Entities\Entities.csproj", "{59F03035-D5A7-48FD-B690-2928539A6D3E}"
EndProject
Project("{9A19103F-16F7-4668-BE54-9A1E7A4F7556}") = "Models", "Models\Models.csproj", "{DA5BC606-7A61-4F73-BC1F-27F21A8AB817}"
EndProject
Project("{9A19103F-16F7-4668-BE54-9A1E7A4F7556}") = "Utilities", "Helpers\Utilities.csproj", "{7786DFD6-BE25-4A44-87AD-24C371F706A1}"
EndProject
Project("{9A19103F-16F7-4668-BE54-9A1E7A4F7556}") = "Services", "Services\Services.csproj", "{167D372E-AF3B-41A8-AF20-06C8D9C998A4}"
EndProject
Global
	GlobalSection(SolutionConfigurationPlatforms) = preSolution
		Debug|Any CPU = Debug|Any CPU
		Release|Any CPU = Release|Any CPU
	EndGlobalSection
	GlobalSection(ProjectConfigurationPlatforms) = postSolution
		{6441DFA6-4319-4060-A997-2BEDC734A4C1}.Debug|Any CPU.ActiveCfg = Debug|Any CPU
		{6441DFA6-4319-4060-A997-2BEDC734A4C1}.Debug|Any CPU.Build.0 = Debug|Any CPU
		{6441DFA6-4319-4060-A997-2BEDC734A4C1}.Release|Any CPU.ActiveCfg = Release|Any CPU
		{6441DFA6-4319-4060-A997-2BEDC734A4C1}.Release|Any CPU.Build.0 = Release|Any CPU
		{59F03035-D5A7-48FD-B690-2928539A6D3E}.Debug|Any CPU.ActiveCfg = Debug|Any CPU
		{59F03035-D5A7-48FD-B690-2928539A6D3E}.Debug|Any CPU.Build.0 = Debug|Any CPU
		{59F03035-D5A7-48FD-B690-2928539A6D3E}.Release|Any CPU.ActiveCfg = Release|Any CPU
		{59F03035-D5A7-48FD-B690-2928539A6D3E}.Release|Any CPU.Build.0 = Release|Any CPU
		{DA5BC606-7A61-4F73-BC1F-27F21A8AB817}.Debug|Any CPU.ActiveCfg = Debug|Any CPU
		{DA5BC606-7A61-4F73-BC1F-27F21A8AB817}.Debug|Any CPU.Build.0 = Debug|Any CPU
		{DA5BC606-7A61-4F73-BC1F-27F21A8AB817}.Release|Any CPU.ActiveCfg = Release|Any CPU
		{DA5BC606-7A61-4F73-BC1F-27F21A8AB817}.Release|Any CPU.Build.0 = Release|Any CPU
		{7786DFD6-BE25-4A44-87AD-24C371F706A1}.Debug|Any CPU.ActiveCfg = Debug|Any CPU
		{7786DFD6-BE25-4A44-87AD-24C371F706A1}.Debug|Any CPU.Build.0 = Debug|Any CPU
		{7786DFD6-BE25-4A44-87AD-24C371F706A1}.Release|Any CPU.ActiveCfg = Release|Any CPU
		{7786DFD6-BE25-4A44-87AD-24C371F706A1}.Release|Any CPU.Build.0 = Release|Any CPU
		{167D372E-AF3B-41A8-AF20-06C8D9C998A4}.Debug|Any CPU.ActiveCfg = Debug|Any CPU
		{167D372E-AF3B-41A8-AF20-06C8D9C998A4}.Debug|Any CPU.Build.0 = Debug|Any CPU
		{167D372E-AF3B-41A8-AF20-06C8D9C998A4}.Release|Any CPU.ActiveCfg = Release|Any CPU
		{167D372E-AF3B-41A8-AF20-06C8D9C998A4}.Release|Any CPU.Build.0 = Release|Any CPU
	EndGlobalSection
	GlobalSection(SolutionProperties) = preSolution
		HideSolutionNode = FALSE
	EndGlobalSection
	GlobalSection(ExtensibilityGlobals) = postSolution
		SolutionGuid = {6473DEA4-3A22-4FA6-B4F1-47EBDBA117FA}
	EndGlobalSection
EndGlobal
